# THIS IS AN AUTOGENERATED FILE. DO NOT EDIT THIS FILE DIRECTLY.
# yarn lockfile v1


linkify-it@^2.0.3:
  version "2.2.0"
  resolved "https://registry.yarnpkg.com/linkify-it/-/linkify-it-2.2.0.tgz#e3b54697e78bf915c70a38acd78fd09e0058b1cf"
  integrity sha512-GnAl/knGn+i1U/wjBz3akz2stz+HrHLsxMwHQGofCDfPvlf+gDKN58UtfmUquTY4/MXeE2x7k19KQmeoZi94Iw==
  dependencies:
    uc.micro "^1.0.1"

react-linkify@^1.0.0-alpha:
  version "1.0.0-alpha"
  resolved "https://registry.yarnpkg.com/react-linkify/-/react-linkify-1.0.0-alpha.tgz#b391c7b88e3443752fafe76a95ca4434e82e70d5"
  integrity sha512-7gcIUvJkAXXttt1fmBK9cwn+1jTa4hbKLGCZ9J1U6EOkyb2/+LKL1Z28d9rtDLMnpvImlNlLPdTPooorl5cpmg==
  dependencies:
    linkify-it "^2.0.3"
    tlds "^1.199.0"

tlds@^1.199.0:
  version "1.222.0"
  resolved "https://registry.yarnpkg.com/tlds/-/tlds-1.222.0.tgz#b3cbf4f8dfe15af2b82d40361e7e552649e3aad2"
  integrity sha512-jC8RCcx2Z0tfXLQGo2gdrzOCv5B7Shd2SRd9Yctl+cFuy9XZ+25T+ugOVhKUSrCYCKv4fjo93fAreDFhLVklAA==

uc.micro@^1.0.1:
  version "1.0.6"
  resolved "https://registry.yarnpkg.com/uc.micro/-/uc.micro-1.0.6.tgz#9c411a802a409a91fc6cf74081baba34b24499ac"
  integrity sha512-8Y75pvTYkLJW2hWQHXxoqRgV7qb9B+9vFEtidML+7koHUFapnVJAZ6cKs+Qjz5Aw3aZWHMC6u0wJE3At+nSGwA==
